
Microsoft Visual Studio Solution File, Format Version 12.00
# Visual Studio Version 17
VisualStudioVersion = 17.0.32112.339
MinimumVisualStudioVersion = 10.0.40219.1
Project("{9A19103F-16F7-4668-BE54-9A1E7A4F7556}") = "TransportApp.Domain", "TransportApp.Domain\TransportApp.Domain.csproj", "{7E85A2CE-76B3-4629-9A6D-839135A32DEE}"
EndProject
Project("{9A19103F-16F7-4668-BE54-9A1E7A4F7556}") = "TransportApp.Data", "TransportApp.Data\TransportApp.Data.csproj", "{E292D350-DC00-4117-82B0-730583CBA98B}"
EndProject
Project("{9A19103F-16F7-4668-BE54-9A1E7A4F7556}") = "TransportApp.UI", "TransportApp.UI\TransportApp.UI.csproj", "{4FE75116-5FF7-44E2-A89B-94313B74C5AF}"
EndProject
Project("{2150E333-8FDC-42A3-9474-1A3956D46DE8}") = "Solution Items", "Solution Items", "{FAB04ED0-4F0B-4823-B89E-F6A8F5C257C7}"
	ProjectSection(SolutionItems) = preProject
		.editorconfig = .editorconfig
	EndProjectSection
EndProject
Project("{FAE04EC0-301F-11D3-BF4B-00C04F79EFBC}") = "TransportApp.Service", "TransportApp.Service\TransportApp.Service.csproj", "{8E679DF2-CBE3-435D-80A7-BE8E917D2715}"
EndProject
Global
	GlobalSection(SolutionConfigurationPlatforms) = preSolution
		Debug|Any CPU = Debug|Any CPU
		Release|Any CPU = Release|Any CPU
	EndGlobalSection
	GlobalSection(ProjectConfigurationPlatforms) = postSolution
		{7E85A2CE-76B3-4629-9A6D-839135A32DEE}.Debug|Any CPU.ActiveCfg = Debug|Any CPU
		{7E85A2CE-76B3-4629-9A6D-839135A32DEE}.Debug|Any CPU.Build.0 = Debug|Any CPU
		{7E85A2CE-76B3-4629-9A6D-839135A32DEE}.Release|Any CPU.ActiveCfg = Release|Any CPU
		{7E85A2CE-76B3-4629-9A6D-839135A32DEE}.Release|Any CPU.Build.0 = Release|Any CPU
		{E292D350-DC00-4117-82B0-730583CBA98B}.Debug|Any CPU.ActiveCfg = Debug|Any CPU
		{E292D350-DC00-4117-82B0-730583CBA98B}.Debug|Any CPU.Build.0 = Debug|Any CPU
		{E292D350-DC00-4117-82B0-730583CBA98B}.Release|Any CPU.ActiveCfg = Release|Any CPU
		{E292D350-DC00-4117-82B0-730583CBA98B}.Release|Any CPU.Build.0 = Release|Any CPU
		{4FE75116-5FF7-44E2-A89B-94313B74C5AF}.Debug|Any CPU.ActiveCfg = Debug|Any CPU
		{4FE75116-5FF7-44E2-A89B-94313B74C5AF}.Debug|Any CPU.Build.0 = Debug|Any CPU
		{4FE75116-5FF7-44E2-A89B-94313B74C5AF}.Release|Any CPU.ActiveCfg = Release|Any CPU
		{4FE75116-5FF7-44E2-A89B-94313B74C5AF}.Release|Any CPU.Build.0 = Release|Any CPU
		{8E679DF2-CBE3-435D-80A7-BE8E917D2715}.Debug|Any CPU.ActiveCfg = Debug|Any CPU
		{8E679DF2-CBE3-435D-80A7-BE8E917D2715}.Debug|Any CPU.Build.0 = Debug|Any CPU
		{8E679DF2-CBE3-435D-80A7-BE8E917D2715}.Release|Any CPU.ActiveCfg = Release|Any CPU
		{8E679DF2-CBE3-435D-80A7-BE8E917D2715}.Release|Any CPU.Build.0 = Release|Any CPU
	EndGlobalSection
	GlobalSection(SolutionProperties) = preSolution
		HideSolutionNode = FALSE
	EndGlobalSection
	GlobalSection(ExtensibilityGlobals) = postSolution
		SolutionGuid = {66344E79-A5E5-440E-8FBA-86F6A822B873}
	EndGlobalSection
EndGlobal
